
Microsoft Visual Studio Solution File, Format Version 12.00
# Visual Studio Version 17
VisualStudioVersion = 17.1.32414.318
MinimumVisualStudioVersion = 10.0.40219.1
Project("{9A19103F-16F7-4668-BE54-9A1E7A4F7556}") = "Fias.Domain", "Domain\Fias.Domain.csproj", "{FAA7E357-CFDE-4B18-A0FC-97250B3DBB57}"
EndProject
Project("{2150E333-8FDC-42A3-9474-1A3956D46DE8}") = "Solution Items", "Solution Items", "{29586487-EF73-489F-8882-D26704E2FDC2}"
	ProjectSection(SolutionItems) = preProject
		.editorconfig = .editorconfig
	EndProjectSection
EndProject
Project("{9A19103F-16F7-4668-BE54-9A1E7A4F7556}") = "Fias.Source", "Fias\Fias.Source.csproj", "{2A8AC6D4-D250-422C-AE37-5009F7DF4957}"
EndProject
Project("{9A19103F-16F7-4668-BE54-9A1E7A4F7556}") = "Fias.LoadModel", "Model\Fias.LoadModel.csproj", "{F522EAB7-04B9-4284-BBD1-E1E4FBC23708}"
EndProject
Project("{9A19103F-16F7-4668-BE54-9A1E7A4F7556}") = "Fias.Search", "FiasSearch\Fias.Search.csproj", "{056A858D-50F8-4347-BC43-4B4164C8E7E5}"
EndProject
Project("{9A19103F-16F7-4668-BE54-9A1E7A4F7556}") = "FiasApi", "FiasApi\FiasApi.csproj", "{F9AFDCCE-DDB1-475D-A7EF-233333569233}"
EndProject
Project("{9A19103F-16F7-4668-BE54-9A1E7A4F7556}") = "GeoCoder", "GeoCoder\GeoCoder.csproj", "{35AFDFDC-C18C-439E-ACED-7A240A562D12}"
EndProject
Global
	GlobalSection(SolutionConfigurationPlatforms) = preSolution
		Debug|Any CPU = Debug|Any CPU
		Release|Any CPU = Release|Any CPU
	EndGlobalSection
	GlobalSection(ProjectConfigurationPlatforms) = postSolution
		{FAA7E357-CFDE-4B18-A0FC-97250B3DBB57}.Debug|Any CPU.ActiveCfg = Debug|Any CPU
		{FAA7E357-CFDE-4B18-A0FC-97250B3DBB57}.Debug|Any CPU.Build.0 = Debug|Any CPU
		{FAA7E357-CFDE-4B18-A0FC-97250B3DBB57}.Release|Any CPU.ActiveCfg = Release|Any CPU
		{FAA7E357-CFDE-4B18-A0FC-97250B3DBB57}.Release|Any CPU.Build.0 = Release|Any CPU
		{2A8AC6D4-D250-422C-AE37-5009F7DF4957}.Debug|Any CPU.ActiveCfg = Debug|Any CPU
		{2A8AC6D4-D250-422C-AE37-5009F7DF4957}.Debug|Any CPU.Build.0 = Debug|Any CPU
		{2A8AC6D4-D250-422C-AE37-5009F7DF4957}.Release|Any CPU.ActiveCfg = Release|Any CPU
		{2A8AC6D4-D250-422C-AE37-5009F7DF4957}.Release|Any CPU.Build.0 = Release|Any CPU
		{F522EAB7-04B9-4284-BBD1-E1E4FBC23708}.Debug|Any CPU.ActiveCfg = Debug|Any CPU
		{F522EAB7-04B9-4284-BBD1-E1E4FBC23708}.Debug|Any CPU.Build.0 = Debug|Any CPU
		{F522EAB7-04B9-4284-BBD1-E1E4FBC23708}.Release|Any CPU.ActiveCfg = Release|Any CPU
		{F522EAB7-04B9-4284-BBD1-E1E4FBC23708}.Release|Any CPU.Build.0 = Release|Any CPU
		{056A858D-50F8-4347-BC43-4B4164C8E7E5}.Debug|Any CPU.ActiveCfg = Debug|Any CPU
		{056A858D-50F8-4347-BC43-4B4164C8E7E5}.Debug|Any CPU.Build.0 = Debug|Any CPU
		{056A858D-50F8-4347-BC43-4B4164C8E7E5}.Release|Any CPU.ActiveCfg = Release|Any CPU
		{056A858D-50F8-4347-BC43-4B4164C8E7E5}.Release|Any CPU.Build.0 = Release|Any CPU
		{F9AFDCCE-DDB1-475D-A7EF-233333569233}.Debug|Any CPU.ActiveCfg = Debug|Any CPU
		{F9AFDCCE-DDB1-475D-A7EF-233333569233}.Debug|Any CPU.Build.0 = Debug|Any CPU
		{F9AFDCCE-DDB1-475D-A7EF-233333569233}.Release|Any CPU.ActiveCfg = Release|Any CPU
		{F9AFDCCE-DDB1-475D-A7EF-233333569233}.Release|Any CPU.Build.0 = Release|Any CPU
		{35AFDFDC-C18C-439E-ACED-7A240A562D12}.Debug|Any CPU.ActiveCfg = Debug|Any CPU
		{35AFDFDC-C18C-439E-ACED-7A240A562D12}.Debug|Any CPU.Build.0 = Debug|Any CPU
		{35AFDFDC-C18C-439E-ACED-7A240A562D12}.Release|Any CPU.ActiveCfg = Release|Any CPU
		{35AFDFDC-C18C-439E-ACED-7A240A562D12}.Release|Any CPU.Build.0 = Release|Any CPU
	EndGlobalSection
	GlobalSection(SolutionProperties) = preSolution
		HideSolutionNode = FALSE
	EndGlobalSection
	GlobalSection(ExtensibilityGlobals) = postSolution
		SolutionGuid = {C998A6C6-D80B-4355-87C7-6740D035289C}
	EndGlobalSection
EndGlobal
